// !$*UTF8*$!
{
	archiveVersion = 1;
	classes = {
	};
	objectVersion = 46;
	objects = {

/* Begin PBXAggregateTarget section */
		11B7849498528E4DFB430B54 /* package */ = {
			isa = PBXAggregateTarget;
			buildConfigurationList = 3CDEC0E44F314C1B83169160 /* Build configuration list for PBXAggregateTarget "package" */;
			buildPhases = (
				571234464C2A5D0D43F1AB42 /* CMake PostBuild Rules */,
			);
			dependencies = (
				05F2E7B870CA4B40B7636C72 /* PBXTargetDependency */,
			);
			name = package;
			productName = package;
		};
		9A35056A36974354034DA185 /* install */ = {
			isa = PBXAggregateTarget;
			buildConfigurationList = FEEBE17E67EB422AB90BF5CB /* Build configuration list for PBXAggregateTarget "install" */;
			buildPhases = (
				93426DA6A4AC2C2AC9CE883C /* CMake PostBuild Rules */,
			);
			dependencies = (
				5B449AD5D34A47DDB8D6F5D2 /* PBXTargetDependency */,
			);
			name = install;
			productName = install;
		};
		BD6AA6D1AA0472BD43DE1046 /* ZERO_CHECK */ = {
			isa = PBXAggregateTarget;
			buildConfigurationList = FAD3C7ECA269471F90C44B56 /* Build configuration list for PBXAggregateTarget "ZERO_CHECK" */;
			buildPhases = (
				727711A546CB8CA41D2D2A91 /* Generate CMakeFiles/ZERO_CHECK */,
			);
			dependencies = (
			);
			name = ZERO_CHECK;
			productName = ZERO_CHECK;
		};
		E598C7A772A82C3CAE6B3C9A /* ALL_BUILD */ = {
			isa = PBXAggregateTarget;
			buildConfigurationList = AC95554C0E754A629E75D410 /* Build configuration list for PBXAggregateTarget "ALL_BUILD" */;
			buildPhases = (
				F6D27E5422A46D6FF81EA18F /* Generate CMakeFiles/ALL_BUILD */,
			);
			dependencies = (
				35DB89EE7BEE48588215A1D9 /* PBXTargetDependency */,
				13F4CCCBABC442EFA5DF5915 /* PBXTargetDependency */,
				F6F5AB534E2E4A9EAE00DE52 /* PBXTargetDependency */,
			);
			name = ALL_BUILD;
			productName = ALL_BUILD;
		};
/* End PBXAggregateTarget section */

/* Begin PBXBuildFile section */
		0FE2FF15D8BF421281EF39FB /* /Users/chachillie/flycast-2.6/build-ios/shell/apple/emulator-ios/AltKit/CMakeFiles/AltKit.dir/Info.plist */ = {isa = PBXBuildFile; fileRef = 63F3A7594282419BB0E2E633 /* /Users/chachillie/flycast-2.6/build-ios/shell/apple/emulator-ios/AltKit/CMakeFiles/AltKit.dir/Info.plist */; };
		12A77C8910E54AC5875618BB /* /Users/chachillie/flycast-2.6/shell/apple/emulator-ios/AltKit/Sources/AltKit/Server/ServerProtocol.swift */ = {isa = PBXBuildFile; fileRef = 90E556BB7BDB4002B68ED275 /* /Users/chachillie/flycast-2.6/shell/apple/emulator-ios/AltKit/Sources/AltKit/Server/ServerProtocol.swift */; };
		1871C31D83074602BF501ADB /* /Users/chachillie/flycast-2.6/shell/apple/emulator-ios/AltKit/CMakeLists.txt */ = {isa = PBXBuildFile; fileRef = 1E8A41DEE8604D5B9DCB29CC /* /Users/chachillie/flycast-2.6/shell/apple/emulator-ios/AltKit/CMakeLists.txt */; };
		23A82B6380154E98B369760F /* /Users/chachillie/flycast-2.6/shell/apple/emulator-ios/AltKit/Sources/CAltKit/NSError+ALTServerError.m */ = {isa = PBXBuildFile; fileRef = E066FD1DB2ED47008F3918B4 /* /Users/chachillie/flycast-2.6/shell/apple/emulator-ios/AltKit/Sources/CAltKit/NSError+ALTServerError.m */; };
		3BC1E94A8D11426B8936B911 /* /Users/chachillie/flycast-2.6/shell/apple/emulator-ios/AltKit/Sources/AltKit/Server/ServerConnection.swift */ = {isa = PBXBuildFile; fileRef = 0F03A029208B4208A1A4246D /* /Users/chachillie/flycast-2.6/shell/apple/emulator-ios/AltKit/Sources/AltKit/Server/ServerConnection.swift */; };
		41B87E238B4947269FBEA19D /* /Users/chachillie/flycast-2.6/shell/apple/emulator-ios/AltKit/Sources/CAltKit/NSError+ALTServerError.h */ = {isa = PBXBuildFile; fileRef = 1921B0FF344E4BEEA11B4A12 /* /Users/chachillie/flycast-2.6/shell/apple/emulator-ios/AltKit/Sources/CAltKit/NSError+ALTServerError.h */; };
		431D50C568904D02924F38B7 /* /Users/chachillie/flycast-2.6/shell/apple/emulator-ios/AltKit/Sources/AltKit/Server/ServerManager.swift */ = {isa = PBXBuildFile; fileRef = 199CC64233CA4B558D5C8263 /* /Users/chachillie/flycast-2.6/shell/apple/emulator-ios/AltKit/Sources/AltKit/Server/ServerManager.swift */; };
		4ED613BE3E00447EB46C3E3A /* /Users/chachillie/flycast-2.6/shell/apple/emulator-ios/AltKit/Sources/AltKit/Extensions/ALTServerError+Conveniences.swift */ = {isa = PBXBuildFile; fileRef = 29D45557A2314C90B40C69CC /* /Users/chachillie/flycast-2.6/shell/apple/emulator-ios/AltKit/Sources/AltKit/Extensions/ALTServerError+Conveniences.swift */; };
		69BA86BD01AA4B1DB45BE6B0 /* /Users/chachillie/flycast-2.6/shell/apple/emulator-ios/AltKit/Sources/AltKit/Extensions/Result+Conveniences.swift */ = {isa = PBXBuildFile; fileRef = D31D5BFBF3BD4099BAE1B86D /* /Users/chachillie/flycast-2.6/shell/apple/emulator-ios/AltKit/Sources/AltKit/Extensions/Result+Conveniences.swift */; };
		73D2E4EE729C47A398578642 /* /Users/chachillie/flycast-2.6/shell/apple/emulator-ios/AltKit/CMakeLists.txt */ = {isa = PBXBuildFile; fileRef = A1E9129487E14B168235F8DD /* /Users/chachillie/flycast-2.6/shell/apple/emulator-ios/AltKit/CMakeLists.txt */; };
		8204CD3372E544018A1B377E /* /Users/chachillie/flycast-2.6/shell/apple/emulator-ios/AltKit/Sources/AltKit/Server/NetworkConnection.swift */ = {isa = PBXBuildFile; fileRef = 862581B7A4E74FF5A3F7D311 /* /Users/chachillie/flycast-2.6/shell/apple/emulator-ios/AltKit/Sources/AltKit/Server/NetworkConnection.swift */; };
		B01C15E7ECEE4738B889B099 /* /Users/chachillie/flycast-2.6/shell/apple/emulator-ios/AltKit/Sources/AltKit/Types/CodableServerError.swift */ = {isa = PBXBuildFile; fileRef = EE2B3ACA2F0F4A27A5D3640A /* /Users/chachillie/flycast-2.6/shell/apple/emulator-ios/AltKit/Sources/AltKit/Types/CodableServerError.swift */; };
		CC06F406DC2C4E2494AF1381 /* /Users/chachillie/flycast-2.6/shell/apple/emulator-ios/AltKit/Sources/AltKit/Server/Server.swift */ = {isa = PBXBuildFile; fileRef = C785D8DF0299475DAB6C1A95 /* /Users/chachillie/flycast-2.6/shell/apple/emulator-ios/AltKit/Sources/AltKit/Server/Server.swift */; };
		D9EAF32FC8534B7181979A5F /* /Users/chachillie/flycast-2.6/build-ios/shell/apple/emulator-ios/AltKit/CMakeFiles/CAltKit.dir/Info.plist */ = {isa = PBXBuildFile; fileRef = 2287410A665543C4B0C7FFC9 /* /Users/chachillie/flycast-2.6/build-ios/shell/apple/emulator-ios/AltKit/CMakeFiles/CAltKit.dir/Info.plist */; };
		F591CBA0A9AE4A7EA1EC2A89 /* /Users/chachillie/flycast-2.6/shell/apple/emulator-ios/AltKit/Sources/AltKit/Server/Connection.swift */ = {isa = PBXBuildFile; fileRef = 27BCBB267BCE4040BE9E53C1 /* /Users/chachillie/flycast-2.6/shell/apple/emulator-ios/AltKit/Sources/AltKit/Server/Connection.swift */; };
/* End PBXBuildFile section */

/* Begin PBXBuildStyle section */
		0775C463C8714EE3ADD05402 /* RelWithDebInfo */ = {
			isa = PBXBuildStyle;
			buildSettings = {
				COPY_PHASE_STRIP = NO;
			};
			name = RelWithDebInfo;
		};
		8F4FAEC6CCDD49008CE7A5CE /* MinSizeRel */ = {
			isa = PBXBuildStyle;
			buildSettings = {
				COPY_PHASE_STRIP = NO;
			};
			name = MinSizeRel;
		};
		C13F7DBC93A140BAA39F2722 /* Debug */ = {
			isa = PBXBuildStyle;
			buildSettings = {
				COPY_PHASE_STRIP = NO;
			};
			name = Debug;
		};
		EB9A150E1B644547BB2B74AE /* Release */ = {
			isa = PBXBuildStyle;
			buildSettings = {
				COPY_PHASE_STRIP = NO;
			};
			name = Release;
		};
/* End PBXBuildStyle section */

/* Begin PBXContainerItemProxy section */
		119B45DE6E0B46F6B1994EC8 /* PBXContainerItemProxy */ = {
			isa = PBXContainerItemProxy;
			containerPortal = 4E3AA1D86F404C04AD1ED864 /* Project object */;
			proxyType = 1;
			remoteGlobalIDString = E598C7A772A82C3CAE6B3C9A;
			remoteInfo = ALL_BUILD;
		};
		121E2712672D4D3CAFE4E987 /* PBXContainerItemProxy */ = {
			isa = PBXContainerItemProxy;
			containerPortal = 4E3AA1D86F404C04AD1ED864 /* Project object */;
			proxyType = 1;
			remoteGlobalIDString = 19C354B4BAF364491BCB2867;
			remoteInfo = CAltKit;
		};
		340251D3CA7E46B191AF9AAD /* PBXContainerItemProxy */ = {
			isa = PBXContainerItemProxy;
			containerPortal = 4E3AA1D86F404C04AD1ED864 /* Project object */;
			proxyType = 1;
			remoteGlobalIDString = CCFC52D0FC9924DF18FB7D7A;
			remoteInfo = AltKit;
		};
		469D87BB837543A58BEAAB6B /* PBXContainerItemProxy */ = {
			isa = PBXContainerItemProxy;
			containerPortal = 4E3AA1D86F404C04AD1ED864 /* Project object */;
			proxyType = 1;
			remoteGlobalIDString = BD6AA6D1AA0472BD43DE1046;
			remoteInfo = ZERO_CHECK;
		};
		C736DE62CA07490A80D25F13 /* PBXContainerItemProxy */ = {
			isa = PBXContainerItemProxy;
			containerPortal = 4E3AA1D86F404C04AD1ED864 /* Project object */;
			proxyType = 1;
			remoteGlobalIDString = BD6AA6D1AA0472BD43DE1046;
			remoteInfo = ZERO_CHECK;
		};
		C78FB26DDABC4BCD8B8B21C0 /* PBXContainerItemProxy */ = {
			isa = PBXContainerItemProxy;
			containerPortal = 4E3AA1D86F404C04AD1ED864 /* Project object */;
			proxyType = 1;
			remoteGlobalIDString = BD6AA6D1AA0472BD43DE1046;
			remoteInfo = ZERO_CHECK;
		};
		D250F945BAB84101AA2436C2 /* PBXContainerItemProxy */ = {
			isa = PBXContainerItemProxy;
			containerPortal = 4E3AA1D86F404C04AD1ED864 /* Project object */;
			proxyType = 1;
			remoteGlobalIDString = E598C7A772A82C3CAE6B3C9A;
			remoteInfo = ALL_BUILD;
		};
		E643C4860FEA48BAB8A885F3 /* PBXContainerItemProxy */ = {
			isa = PBXContainerItemProxy;
			containerPortal = 4E3AA1D86F404C04AD1ED864 /* Project object */;
			proxyType = 1;
			remoteGlobalIDString = 19C354B4BAF364491BCB2867;
			remoteInfo = CAltKit;
		};
/* End PBXContainerItemProxy section */

/* Begin PBXFileReference section */
		0F03A029208B4208A1A4246D /* /Users/chachillie/flycast-2.6/shell/apple/emulator-ios/AltKit/Sources/AltKit/Server/ServerConnection.swift */ = {isa = PBXFileReference; explicitFileType = sourcecode.swift; fileEncoding = 4; name = ServerConnection.swift; path = Sources/AltKit/Server/ServerConnection.swift; sourceTree = SOURCE_ROOT; };
		1921B0FF344E4BEEA11B4A12 /* /Users/chachillie/flycast-2.6/shell/apple/emulator-ios/AltKit/Sources/CAltKit/NSError+ALTServerError.h */ = {isa = PBXFileReference; explicitFileType = sourcecode.c.h; fileEncoding = 4; name = "NSError+ALTServerError.h"; path = "Sources/CAltKit/NSError+ALTServerError.h"; sourceTree = SOURCE_ROOT; };
		199CC64233CA4B558D5C8263 /* /Users/chachillie/flycast-2.6/shell/apple/emulator-ios/AltKit/Sources/AltKit/Server/ServerManager.swift */ = {isa = PBXFileReference; explicitFileType = sourcecode.swift; fileEncoding = 4; name = ServerManager.swift; path = Sources/AltKit/Server/ServerManager.swift; sourceTree = SOURCE_ROOT; };
		1E8A41DEE8604D5B9DCB29CC /* /Users/chachillie/flycast-2.6/shell/apple/emulator-ios/AltKit/CMakeLists.txt */ = {isa = PBXFileReference; explicitFileType = sourcecode.text; fileEncoding = 4; name = CMakeLists.txt; path = CMakeLists.txt; sourceTree = SOURCE_ROOT; };
		2287410A665543C4B0C7FFC9 /* /Users/chachillie/flycast-2.6/build-ios/shell/apple/emulator-ios/AltKit/CMakeFiles/CAltKit.dir/Info.plist */ = {isa = PBXFileReference; explicitFileType = sourcecode.text.plist; fileEncoding = 4; name = Info.plist; path = "/Users/chachillie/flycast-2.6/build-ios/shell/apple/emulator-ios/AltKit/CMakeFiles/CAltKit.dir/Info.plist"; sourceTree = "<absolute>"; };
		27BCBB267BCE4040BE9E53C1 /* /Users/chachillie/flycast-2.6/shell/apple/emulator-ios/AltKit/Sources/AltKit/Server/Connection.swift */ = {isa = PBXFileReference; explicitFileType = sourcecode.swift; fileEncoding = 4; name = Connection.swift; path = Sources/AltKit/Server/Connection.swift; sourceTree = SOURCE_ROOT; };
		29D45557A2314C90B40C69CC /* /Users/chachillie/flycast-2.6/shell/apple/emulator-ios/AltKit/Sources/AltKit/Extensions/ALTServerError+Conveniences.swift */ = {isa = PBXFileReference; explicitFileType = sourcecode.swift; fileEncoding = 4; name = "ALTServerError+Conveniences.swift"; path = "Sources/AltKit/Extensions/ALTServerError+Conveniences.swift"; sourceTree = SOURCE_ROOT; };
		52B4584EE75B4B069E0C4B84 /* AltKit */ = {isa = PBXFileReference; explicitFileType = archive.ar; path = libAltKit.a; sourceTree = BUILT_PRODUCTS_DIR; };
		63F3A7594282419BB0E2E633 /* /Users/chachillie/flycast-2.6/build-ios/shell/apple/emulator-ios/AltKit/CMakeFiles/AltKit.dir/Info.plist */ = {isa = PBXFileReference; explicitFileType = sourcecode.text.plist; fileEncoding = 4; name = Info.plist; path = "/Users/chachillie/flycast-2.6/build-ios/shell/apple/emulator-ios/AltKit/CMakeFiles/AltKit.dir/Info.plist"; sourceTree = "<absolute>"; };
		7C5F1C8E72914DA08F3DDE33 /* CAltKit */ = {isa = PBXFileReference; explicitFileType = archive.ar; path = libCAltKit.a; sourceTree = BUILT_PRODUCTS_DIR; };
		862581B7A4E74FF5A3F7D311 /* /Users/chachillie/flycast-2.6/shell/apple/emulator-ios/AltKit/Sources/AltKit/Server/NetworkConnection.swift */ = {isa = PBXFileReference; explicitFileType = sourcecode.swift; fileEncoding = 4; name = NetworkConnection.swift; path = Sources/AltKit/Server/NetworkConnection.swift; sourceTree = SOURCE_ROOT; };
		90E556BB7BDB4002B68ED275 /* /Users/chachillie/flycast-2.6/shell/apple/emulator-ios/AltKit/Sources/AltKit/Server/ServerProtocol.swift */ = {isa = PBXFileReference; explicitFileType = sourcecode.swift; fileEncoding = 4; name = ServerProtocol.swift; path = Sources/AltKit/Server/ServerProtocol.swift; sourceTree = SOURCE_ROOT; };
		A1E9129487E14B168235F8DD /* /Users/chachillie/flycast-2.6/shell/apple/emulator-ios/AltKit/CMakeLists.txt */ = {isa = PBXFileReference; explicitFileType = sourcecode.text; fileEncoding = 4; name = CMakeLists.txt; path = CMakeLists.txt; sourceTree = SOURCE_ROOT; };
		C785D8DF0299475DAB6C1A95 /* /Users/chachillie/flycast-2.6/shell/apple/emulator-ios/AltKit/Sources/AltKit/Server/Server.swift */ = {isa = PBXFileReference; explicitFileType = sourcecode.swift; fileEncoding = 4; name = Server.swift; path = Sources/AltKit/Server/Server.swift; sourceTree = SOURCE_ROOT; };
		D31D5BFBF3BD4099BAE1B86D /* /Users/chachillie/flycast-2.6/shell/apple/emulator-ios/AltKit/Sources/AltKit/Extensions/Result+Conveniences.swift */ = {isa = PBXFileReference; explicitFileType = sourcecode.swift; fileEncoding = 4; name = "Result+Conveniences.swift"; path = "Sources/AltKit/Extensions/Result+Conveniences.swift"; sourceTree = SOURCE_ROOT; };
		E066FD1DB2ED47008F3918B4 /* /Users/chachillie/flycast-2.6/shell/apple/emulator-ios/AltKit/Sources/CAltKit/NSError+ALTServerError.m */ = {isa = PBXFileReference; explicitFileType = sourcecode.c.objc; fileEncoding = 4; name = "NSError+ALTServerError.m"; path = "Sources/CAltKit/NSError+ALTServerError.m"; sourceTree = SOURCE_ROOT; };
		EE2B3ACA2F0F4A27A5D3640A /* /Users/chachillie/flycast-2.6/shell/apple/emulator-ios/AltKit/Sources/AltKit/Types/CodableServerError.swift */ = {isa = PBXFileReference; explicitFileType = sourcecode.swift; fileEncoding = 4; name = CodableServerError.swift; path = Sources/AltKit/Types/CodableServerError.swift; sourceTree = SOURCE_ROOT; };
		F912D92F094541BA94ED09B3 /* /Users/chachillie/flycast-2.6/shell/apple/emulator-ios/AltKit/CMakeLists.txt */ = {isa = PBXFileReference; explicitFileType = sourcecode.text; fileEncoding = 4; name = CMakeLists.txt; path = CMakeLists.txt; sourceTree = SOURCE_ROOT; };
/* End PBXFileReference section */

/* Begin PBXFrameworksBuildPhase section */
		47A745C7288949839CF9F513 /* Frameworks */ = {
			isa = PBXFrameworksBuildPhase;
			buildActionMask = 2147483647;
			files = (
			);
			runOnlyForDeploymentPostprocessing = 0;
		};
		9618969E43E844129E63A391 /* Frameworks */ = {
			isa = PBXFrameworksBuildPhase;
			buildActionMask = 2147483647;
			files = (
			);
			runOnlyForDeploymentPostprocessing = 0;
		};
/* End PBXFrameworksBuildPhase section */

/* Begin PBXGroup section */
		08A9065B2FBF429EB6188175 /* Products */ = {
			isa = PBXGroup;
			children = (
				52B4584EE75B4B069E0C4B84 /* AltKit */,
				7C5F1C8E72914DA08F3DDE33 /* CAltKit */,
			);
			name = Products;
			sourceTree = "<group>";
		};
		0D9A98D73A8C427CAAA7D696 /* Header Files */ = {
			isa = PBXGroup;
			children = (
				1921B0FF344E4BEEA11B4A12 /* /Users/chachillie/flycast-2.6/shell/apple/emulator-ios/AltKit/Sources/CAltKit/NSError+ALTServerError.h */,
			);
			name = "Header Files";
			sourceTree = "<group>";
		};
		56312AE8236546D3B81C1875 = {
			isa = PBXGroup;
			children = (
				A0C29DF8F00444C99C984513 /* CAltKit */,
				CD31AC8510CE4106B7960B99 /* AltKit */,
				B4D727D5CD9641DA8CC894B1 /* ALL_BUILD */,
				08A9065B2FBF429EB6188175 /* Products */,
				B802D48C22B74F7C88C7D746 /* Frameworks */,
				920387F4454540AB8041280B /* Resources */,
			);
			sourceTree = "<group>";
		};
		771A21F24E7343569319B53E /* Source Files */ = {
			isa = PBXGroup;
			children = (
				E066FD1DB2ED47008F3918B4 /* /Users/chachillie/flycast-2.6/shell/apple/emulator-ios/AltKit/Sources/CAltKit/NSError+ALTServerError.m */,
			);
			name = "Source Files";
			sourceTree = "<group>";
		};
		8D83BF47B8B64A52BBEC4727 /* Resources */ = {
			isa = PBXGroup;
			children = (
				2287410A665543C4B0C7FFC9 /* /Users/chachillie/flycast-2.6/build-ios/shell/apple/emulator-ios/AltKit/CMakeFiles/CAltKit.dir/Info.plist */,
			);
			name = Resources;
			sourceTree = "<group>";
		};
		920387F4454540AB8041280B /* Resources */ = {
			isa = PBXGroup;
			children = (
			);
			name = Resources;
			sourceTree = "<group>";
		};
		A0C29DF8F00444C99C984513 /* CAltKit */ = {
			isa = PBXGroup;
			children = (
				0D9A98D73A8C427CAAA7D696 /* Header Files */,
				771A21F24E7343569319B53E /* Source Files */,
				8D83BF47B8B64A52BBEC4727 /* Resources */,
				1E8A41DEE8604D5B9DCB29CC /* /Users/chachillie/flycast-2.6/shell/apple/emulator-ios/AltKit/CMakeLists.txt */,
			);
			name = CAltKit;
			sourceTree = "<group>";
		};
		A94B43BBAE50458E9F13A29C /* Resources */ = {
			isa = PBXGroup;
			children = (
				63F3A7594282419BB0E2E633 /* /Users/chachillie/flycast-2.6/build-ios/shell/apple/emulator-ios/AltKit/CMakeFiles/AltKit.dir/Info.plist */,
			);
			name = Resources;
			sourceTree = "<group>";
		};
		B4D727D5CD9641DA8CC894B1 /* ALL_BUILD */ = {
			isa = PBXGroup;
			children = (
				F02B10D7DCB445809341C86A /* CMake Rules */,
				F912D92F094541BA94ED09B3 /* /Users/chachillie/flycast-2.6/shell/apple/emulator-ios/AltKit/CMakeLists.txt */,
			);
			name = ALL_BUILD;
			sourceTree = "<group>";
		};
		B802D48C22B74F7C88C7D746 /* Frameworks */ = {
			isa = PBXGroup;
			children = (
			);
			name = Frameworks;
			sourceTree = "<group>";
		};
		CD31AC8510CE4106B7960B99 /* AltKit */ = {
			isa = PBXGroup;
			children = (
				A94B43BBAE50458E9F13A29C /* Resources */,
				A1E9129487E14B168235F8DD /* /Users/chachillie/flycast-2.6/shell/apple/emulator-ios/AltKit/CMakeLists.txt */,
				29D45557A2314C90B40C69CC /* /Users/chachillie/flycast-2.6/shell/apple/emulator-ios/AltKit/Sources/AltKit/Extensions/ALTServerError+Conveniences.swift */,
				D31D5BFBF3BD4099BAE1B86D /* /Users/chachillie/flycast-2.6/shell/apple/emulator-ios/AltKit/Sources/AltKit/Extensions/Result+Conveniences.swift */,
				27BCBB267BCE4040BE9E53C1 /* /Users/chachillie/flycast-2.6/shell/apple/emulator-ios/AltKit/Sources/AltKit/Server/Connection.swift */,
				862581B7A4E74FF5A3F7D311 /* /Users/chachillie/flycast-2.6/shell/apple/emulator-ios/AltKit/Sources/AltKit/Server/NetworkConnection.swift */,
				C785D8DF0299475DAB6C1A95 /* /Users/chachillie/flycast-2.6/shell/apple/emulator-ios/AltKit/Sources/AltKit/Server/Server.swift */,
				0F03A029208B4208A1A4246D /* /Users/chachillie/flycast-2.6/shell/apple/emulator-ios/AltKit/Sources/AltKit/Server/ServerConnection.swift */,
				199CC64233CA4B558D5C8263 /* /Users/chachillie/flycast-2.6/shell/apple/emulator-ios/AltKit/Sources/AltKit/Server/ServerManager.swift */,
				90E556BB7BDB4002B68ED275 /* /Users/chachillie/flycast-2.6/shell/apple/emulator-ios/AltKit/Sources/AltKit/Server/ServerProtocol.swift */,
				EE2B3ACA2F0F4A27A5D3640A /* /Users/chachillie/flycast-2.6/shell/apple/emulator-ios/AltKit/Sources/AltKit/Types/CodableServerError.swift */,
			);
			name = AltKit;
			sourceTree = "<group>";
		};
		F02B10D7DCB445809341C86A /* CMake Rules */ = {
			isa = PBXGroup;
			children = (
			);
			name = "CMake Rules";
			sourceTree = "<group>";
		};
/* End PBXGroup section */

/* Begin PBXNativeTarget section */
		19C354B4BAF364491BCB2867 /* CAltKit */ = {
			isa = PBXNativeTarget;
			buildConfigurationList = F605D61A8C784871BA1BAB3C /* Build configuration list for PBXNativeTarget "CAltKit" */;
			buildPhases = (
				4016B3E0FD314D50B918B493 /* Sources */,
				47A745C7288949839CF9F513 /* Frameworks */,
			);
			buildRules = (
			);
			dependencies = (
				8FBBFDE174A04BD9B3AC02A8 /* PBXTargetDependency */,
			);
			name = CAltKit;
			productName = CAltKit;
			productReference = 7C5F1C8E72914DA08F3DDE33 /* CAltKit */;
			productType = "com.apple.product-type.library.static";
		};
		CCFC52D0FC9924DF18FB7D7A /* AltKit */ = {
			isa = PBXNativeTarget;
			buildConfigurationList = 934FCA38E3E5475CA74CC4EF /* Build configuration list for PBXNativeTarget "AltKit" */;
			buildPhases = (
				A01C894B1D3540D4A94506EF /* Sources */,
				9618969E43E844129E63A391 /* Frameworks */,
				AB2D93E933F4A0743BE4F50F /* CMake PostBuild Rules */,
			);
			buildRules = (
			);
			dependencies = (
				4BA909DD0F104493A7377DF2 /* PBXTargetDependency */,
				399C2594C15D423387364B29 /* PBXTargetDependency */,
			);
			name = AltKit;
			productName = AltKit;
			productReference = 52B4584EE75B4B069E0C4B84 /* AltKit */;
			productType = "com.apple.product-type.library.static";
		};
/* End PBXNativeTarget section */

/* Begin PBXProject section */
		4E3AA1D86F404C04AD1ED864 /* Project object */ = {
			isa = PBXProject;
			attributes = {
				BuildIndependentTargetsInParallel = YES;
				LastUpgradeCheck = 1600;
			};
			buildConfigurationList = 54E8D2A695EF43A198ECE4E7 /* Build configuration list for PBXProject "AltKit" */;
			buildSettings = {
			};
			buildStyles = (
				C13F7DBC93A140BAA39F2722 /* Debug */,
				EB9A150E1B644547BB2B74AE /* Release */,
				8F4FAEC6CCDD49008CE7A5CE /* MinSizeRel */,
				0775C463C8714EE3ADD05402 /* RelWithDebInfo */,
			);
			compatibilityVersion = "Xcode 3.2";
			hasScannedForEncodings = 0;
			mainGroup = 56312AE8236546D3B81C1875;
			projectDirPath = "/Users/chachillie/flycast-2.6/shell/apple/emulator-ios/AltKit";
			projectRoot = "";
			targets = (
				E598C7A772A82C3CAE6B3C9A /* ALL_BUILD */,
				CCFC52D0FC9924DF18FB7D7A /* AltKit */,
				19C354B4BAF364491BCB2867 /* CAltKit */,
				BD6AA6D1AA0472BD43DE1046 /* ZERO_CHECK */,
				9A35056A36974354034DA185 /* install */,
				11B7849498528E4DFB430B54 /* package */,
			);
		};
/* End PBXProject section */

/* Begin PBXShellScriptBuildPhase section */
		3C0110FC8322DE7E50886E21 = {
			isa = PBXShellScriptBuildPhase;
			buildActionMask = 2147483647;
			files = (
			);
			inputPaths = (
			);
			outputPaths = (
			);
			runOnlyForDeploymentPostprocessing = 0;
			shellPath = /bin/sh;
			shellScript = "# shell script goes here
exit 0";
			showEnvVarsInLog = 0;
		};
		571234464C2A5D0D43F1AB42 /* CMake PostBuild Rules */ = {
			isa = PBXShellScriptBuildPhase;
			alwaysOutOfDate = 1;
			buildActionMask = 2147483647;
			files = (
			);
			name = "CMake PostBuild Rules";
			outputPaths = (
			);
			runOnlyForDeploymentPostprocessing = 0;
			shellPath = /bin/sh;
			shellScript = "set -e
if test \"$CONFIGURATION\" = \"Debug\"; then :
  cd /Users/chachillie/flycast-2.6/build-ios
  /opt/homebrew/Cellar/cmake/3.30.5/bin/cpack -C $CONFIGURATION$EFFECTIVE_PLATFORM_NAME --config ./CPackConfig.cmake
fi
if test \"$CONFIGURATION\" = \"Release\"; then :
  cd /Users/chachillie/flycast-2.6/build-ios
  /opt/homebrew/Cellar/cmake/3.30.5/bin/cpack -C $CONFIGURATION$EFFECTIVE_PLATFORM_NAME --config ./CPackConfig.cmake
fi
if test \"$CONFIGURATION\" = \"MinSizeRel\"; then :
  cd /Users/chachillie/flycast-2.6/build-ios
  /opt/homebrew/Cellar/cmake/3.30.5/bin/cpack -C $CONFIGURATION$EFFECTIVE_PLATFORM_NAME --config ./CPackConfig.cmake
fi
if test \"$CONFIGURATION\" = \"RelWithDebInfo\"; then :
  cd /Users/chachillie/flycast-2.6/build-ios
  /opt/homebrew/Cellar/cmake/3.30.5/bin/cpack -C $CONFIGURATION$EFFECTIVE_PLATFORM_NAME --config ./CPackConfig.cmake
fi
";
			showEnvVarsInLog = 0;
		};
		661D9C604B3B91332E7543CC = {
			isa = PBXShellScriptBuildPhase;
			buildActionMask = 2147483647;
			files = (
			);
			inputPaths = (
			);
			outputPaths = (
			);
			runOnlyForDeploymentPostprocessing = 0;
			shellPath = /bin/sh;
			shellScript = "# shell script goes here
exit 0";
			showEnvVarsInLog = 0;
		};
		727711A546CB8CA41D2D2A91 /* Generate CMakeFiles/ZERO_CHECK */ = {
			isa = PBXShellScriptBuildPhase;
			alwaysOutOfDate = 1;
			buildActionMask = 2147483647;
			files = (
			);
			inputPaths = (
			);
			name = "Generate CMakeFiles/ZERO_CHECK";
			outputPaths = (
"/Users/chachillie/flycast-2.6/build-ios/shell/apple/emulator-ios/AltKit/CMakeFiles/ZERO_CHECK"			);
			runOnlyForDeploymentPostprocessing = 0;
			shellPath = /bin/sh;
			shellScript = "set -e
if test \"$CONFIGURATION\" = \"Debug\"; then :
  cd /Users/chachillie/flycast-2.6/build-ios/shell/apple/emulator-ios/AltKit
  make -f /Users/chachillie/flycast-2.6/build-ios/shell/apple/emulator-ios/AltKit/CMakeScripts/ReRunCMake.make
fi
if test \"$CONFIGURATION\" = \"Release\"; then :
  cd /Users/chachillie/flycast-2.6/build-ios/shell/apple/emulator-ios/AltKit
  make -f /Users/chachillie/flycast-2.6/build-ios/shell/apple/emulator-ios/AltKit/CMakeScripts/ReRunCMake.make
fi
if test \"$CONFIGURATION\" = \"MinSizeRel\"; then :
  cd /Users/chachillie/flycast-2.6/build-ios/shell/apple/emulator-ios/AltKit
  make -f /Users/chachillie/flycast-2.6/build-ios/shell/apple/emulator-ios/AltKit/CMakeScripts/ReRunCMake.make
fi
if test \"$CONFIGURATION\" = \"RelWithDebInfo\"; then :
  cd /Users/chachillie/flycast-2.6/build-ios/shell/apple/emulator-ios/AltKit
  make -f /Users/chachillie/flycast-2.6/build-ios/shell/apple/emulator-ios/AltKit/CMakeScripts/ReRunCMake.make
fi
";
			showEnvVarsInLog = 0;
		};
		87AF4882E018677E2624B544 = {
			isa = PBXShellScriptBuildPhase;
			buildActionMask = 2147483647;
			files = (
			);
			inputPaths = (
			);
			outputPaths = (
			);
			runOnlyForDeploymentPostprocessing = 0;
			shellPath = /bin/sh;
			shellScript = "# shell script goes here
exit 0";
			showEnvVarsInLog = 0;
		};
		93426DA6A4AC2C2AC9CE883C /* CMake PostBuild Rules */ = {
			isa = PBXShellScriptBuildPhase;
			alwaysOutOfDate = 1;
			buildActionMask = 2147483647;
			files = (
			);
			name = "CMake PostBuild Rules";
			outputPaths = (
			);
			runOnlyForDeploymentPostprocessing = 0;
			shellPath = /bin/sh;
			shellScript = "set -e
if test \"$CONFIGURATION\" = \"Debug\"; then :
  cd /Users/chachillie/flycast-2.6/build-ios/shell/apple/emulator-ios/AltKit
  /opt/homebrew/Cellar/cmake/3.30.5/bin/cmake -DBUILD_TYPE=$CONFIGURATION -DEFFECTIVE_PLATFORM_NAME=$EFFECTIVE_PLATFORM_NAME -P cmake_install.cmake
fi
if test \"$CONFIGURATION\" = \"Release\"; then :
  cd /Users/chachillie/flycast-2.6/build-ios/shell/apple/emulator-ios/AltKit
  /opt/homebrew/Cellar/cmake/3.30.5/bin/cmake -DBUILD_TYPE=$CONFIGURATION -DEFFECTIVE_PLATFORM_NAME=$EFFECTIVE_PLATFORM_NAME -P cmake_install.cmake
fi
if test \"$CONFIGURATION\" = \"MinSizeRel\"; then :
  cd /Users/chachillie/flycast-2.6/build-ios/shell/apple/emulator-ios/AltKit
  /opt/homebrew/Cellar/cmake/3.30.5/bin/cmake -DBUILD_TYPE=$CONFIGURATION -DEFFECTIVE_PLATFORM_NAME=$EFFECTIVE_PLATFORM_NAME -P cmake_install.cmake
fi
if test \"$CONFIGURATION\" = \"RelWithDebInfo\"; then :
  cd /Users/chachillie/flycast-2.6/build-ios/shell/apple/emulator-ios/AltKit
  /opt/homebrew/Cellar/cmake/3.30.5/bin/cmake -DBUILD_TYPE=$CONFIGURATION -DEFFECTIVE_PLATFORM_NAME=$EFFECTIVE_PLATFORM_NAME -P cmake_install.cmake
fi
";
			showEnvVarsInLog = 0;
		};
		9B50530E35CC49C82C2FACCF = {
			isa = PBXShellScriptBuildPhase;
			buildActionMask = 2147483647;
			files = (
			);
			inputPaths = (
			);
			outputPaths = (
			);
			runOnlyForDeploymentPostprocessing = 0;
			shellPath = /bin/sh;
			shellScript = "# shell script goes here
exit 0";
			showEnvVarsInLog = 0;
		};
		AB2D93E933F4A0743BE4F50F /* CMake PostBuild Rules */ = {
			isa = PBXShellScriptBuildPhase;
			alwaysOutOfDate = 1;
			buildActionMask = 2147483647;
			files = (
			);
			name = "CMake PostBuild Rules";
			outputPaths = (
			);
			runOnlyForDeploymentPostprocessing = 0;
			shellPath = /bin/sh;
			shellScript = "set -e
if test \"$CONFIGURATION\" = \"Debug\"; then :
  cd /Users/chachillie/flycast-2.6/build-ios/shell/apple/emulator-ios/AltKit
  cp $DERIVED_SOURCES_DIR/AltKit-Swift.h /Users/chachillie/flycast-2.6/build-ios/shell/apple/emulator-ios/AltKit
fi
if test \"$CONFIGURATION\" = \"Release\"; then :
  cd /Users/chachillie/flycast-2.6/build-ios/shell/apple/emulator-ios/AltKit
  cp $DERIVED_SOURCES_DIR/AltKit-Swift.h /Users/chachillie/flycast-2.6/build-ios/shell/apple/emulator-ios/AltKit
fi
if test \"$CONFIGURATION\" = \"MinSizeRel\"; then :
  cd /Users/chachillie/flycast-2.6/build-ios/shell/apple/emulator-ios/AltKit
  cp $DERIVED_SOURCES_DIR/AltKit-Swift.h /Users/chachillie/flycast-2.6/build-ios/shell/apple/emulator-ios/AltKit
fi
if test \"$CONFIGURATION\" = \"RelWithDebInfo\"; then :
  cd /Users/chachillie/flycast-2.6/build-ios/shell/apple/emulator-ios/AltKit
  cp $DERIVED_SOURCES_DIR/AltKit-Swift.h /Users/chachillie/flycast-2.6/build-ios/shell/apple/emulator-ios/AltKit
fi
";
			showEnvVarsInLog = 0;
		};
		F6D27E5422A46D6FF81EA18F /* Generate CMakeFiles/ALL_BUILD */ = {
			isa = PBXShellScriptBuildPhase;
			alwaysOutOfDate = 1;
			buildActionMask = 2147483647;
			files = (
			);
			inputPaths = (
			);
			name = "Generate CMakeFiles/ALL_BUILD";
			outputPaths = (
"/Users/chachillie/flycast-2.6/build-ios/shell/apple/emulator-ios/AltKit/CMakeFiles/ALL_BUILD"			);
			runOnlyForDeploymentPostprocessing = 0;
			shellPath = /bin/sh;
			shellScript = "set -e
if test \"$CONFIGURATION\" = \"Debug\"; then :
  cd /Users/chachillie/flycast-2.6/build-ios/shell/apple/emulator-ios/AltKit
  echo Build\\ all\\ projects
fi
if test \"$CONFIGURATION\" = \"Release\"; then :
  cd /Users/chachillie/flycast-2.6/build-ios/shell/apple/emulator-ios/AltKit
  echo Build\\ all\\ projects
fi
if test \"$CONFIGURATION\" = \"MinSizeRel\"; then :
  cd /Users/chachillie/flycast-2.6/build-ios/shell/apple/emulator-ios/AltKit
  echo Build\\ all\\ projects
fi
if test \"$CONFIGURATION\" = \"RelWithDebInfo\"; then :
  cd /Users/chachillie/flycast-2.6/build-ios/shell/apple/emulator-ios/AltKit
  echo Build\\ all\\ projects
fi
";
			showEnvVarsInLog = 0;
		};
/* End PBXShellScriptBuildPhase section */

/* Begin PBXSourcesBuildPhase section */
		4016B3E0FD314D50B918B493 /* Sources */ = {
			isa = PBXSourcesBuildPhase;
			buildActionMask = 2147483647;
			files = (
				23A82B6380154E98B369760F /* /Users/chachillie/flycast-2.6/shell/apple/emulator-ios/AltKit/Sources/CAltKit/NSError+ALTServerError.m */,
			);
			runOnlyForDeploymentPostprocessing = 0;
		};
		A01C894B1D3540D4A94506EF /* Sources */ = {
			isa = PBXSourcesBuildPhase;
			buildActionMask = 2147483647;
			files = (
				4ED613BE3E00447EB46C3E3A /* /Users/chachillie/flycast-2.6/shell/apple/emulator-ios/AltKit/Sources/AltKit/Extensions/ALTServerError+Conveniences.swift */,
				69BA86BD01AA4B1DB45BE6B0 /* /Users/chachillie/flycast-2.6/shell/apple/emulator-ios/AltKit/Sources/AltKit/Extensions/Result+Conveniences.swift */,
				F591CBA0A9AE4A7EA1EC2A89 /* /Users/chachillie/flycast-2.6/shell/apple/emulator-ios/AltKit/Sources/AltKit/Server/Connection.swift */,
				8204CD3372E544018A1B377E /* /Users/chachillie/flycast-2.6/shell/apple/emulator-ios/AltKit/Sources/AltKit/Server/NetworkConnection.swift */,
				CC06F406DC2C4E2494AF1381 /* /Users/chachillie/flycast-2.6/shell/apple/emulator-ios/AltKit/Sources/AltKit/Server/Server.swift */,
				3BC1E94A8D11426B8936B911 /* /Users/chachillie/flycast-2.6/shell/apple/emulator-ios/AltKit/Sources/AltKit/Server/ServerConnection.swift */,
				431D50C568904D02924F38B7 /* /Users/chachillie/flycast-2.6/shell/apple/emulator-ios/AltKit/Sources/AltKit/Server/ServerManager.swift */,
				12A77C8910E54AC5875618BB /* /Users/chachillie/flycast-2.6/shell/apple/emulator-ios/AltKit/Sources/AltKit/Server/ServerProtocol.swift */,
				B01C15E7ECEE4738B889B099 /* /Users/chachillie/flycast-2.6/shell/apple/emulator-ios/AltKit/Sources/AltKit/Types/CodableServerError.swift */,
			);
			runOnlyForDeploymentPostprocessing = 0;
		};
/* End PBXSourcesBuildPhase section */

/* Begin PBXTargetDependency section */
		05F2E7B870CA4B40B7636C72 /* PBXTargetDependency */ = {
			isa = PBXTargetDependency;
			target = E598C7A772A82C3CAE6B3C9A /* ALL_BUILD */;
			targetProxy = D250F945BAB84101AA2436C2 /* PBXContainerItemProxy */;
		};
		13F4CCCBABC442EFA5DF5915 /* PBXTargetDependency */ = {
			isa = PBXTargetDependency;
			target = CCFC52D0FC9924DF18FB7D7A /* AltKit */;
			targetProxy = 340251D3CA7E46B191AF9AAD /* PBXContainerItemProxy */;
		};
		35DB89EE7BEE48588215A1D9 /* PBXTargetDependency */ = {
			isa = PBXTargetDependency;
			target = 19C354B4BAF364491BCB2867 /* CAltKit */;
			targetProxy = 121E2712672D4D3CAFE4E987 /* PBXContainerItemProxy */;
		};
		399C2594C15D423387364B29 /* PBXTargetDependency */ = {
			isa = PBXTargetDependency;
			target = BD6AA6D1AA0472BD43DE1046 /* ZERO_CHECK */;
			targetProxy = C78FB26DDABC4BCD8B8B21C0 /* PBXContainerItemProxy */;
		};
		4BA909DD0F104493A7377DF2 /* PBXTargetDependency */ = {
			isa = PBXTargetDependency;
			target = 19C354B4BAF364491BCB2867 /* CAltKit */;
			targetProxy = E643C4860FEA48BAB8A885F3 /* PBXContainerItemProxy */;
		};
		5B449AD5D34A47DDB8D6F5D2 /* PBXTargetDependency */ = {
			isa = PBXTargetDependency;
			target = E598C7A772A82C3CAE6B3C9A /* ALL_BUILD */;
			targetProxy = 119B45DE6E0B46F6B1994EC8 /* PBXContainerItemProxy */;
		};
		8FBBFDE174A04BD9B3AC02A8 /* PBXTargetDependency */ = {
			isa = PBXTargetDependency;
			target = BD6AA6D1AA0472BD43DE1046 /* ZERO_CHECK */;
			targetProxy = C736DE62CA07490A80D25F13 /* PBXContainerItemProxy */;
		};
		F6F5AB534E2E4A9EAE00DE52 /* PBXTargetDependency */ = {
			isa = PBXTargetDependency;
			target = BD6AA6D1AA0472BD43DE1046 /* ZERO_CHECK */;
			targetProxy = 469D87BB837543A58BEAAB6B /* PBXContainerItemProxy */;
		};
/* End PBXTargetDependency section */

/* Begin XCBuildConfiguration section */
		073E40CE7E204A93B916C9B2 /* MinSizeRel */ = {
			isa = XCBuildConfiguration;
			buildSettings = {
				ALWAYS_SEARCH_USER_PATHS = NO;
				ARCHS = arm64;
				COMBINE_HIDPI_IMAGES = YES;
				CONFIGURATION_BUILD_DIR = "/Users/chachillie/flycast-2.6/build-ios/shell/apple/emulator-ios/AltKit/MinSizeRel${EFFECTIVE_PLATFORM_NAME}";
				EXECUTABLE_PREFIX = lib;
				EXECUTABLE_SUFFIX = .a;
				GCC_GENERATE_DEBUGGING_SYMBOLS = NO;
				GCC_INLINES_ARE_PRIVATE_EXTERN = NO;
				GCC_OPTIMIZATION_LEVEL = 0;
				GCC_PREPROCESSOR_DEFINITIONS = ("'CMAKE_INTDIR=\"$(CONFIGURATION)$(EFFECTIVE_PLATFORM_NAME)\"'","$(inherited)");
				GCC_SYMBOLS_PRIVATE_EXTERN = NO;
				INSTALL_PATH = "";
				LIBRARY_STYLE = STATIC;
				ONLY_ACTIVE_ARCH = NO;
				OTHER_LIBTOOLFLAGS = ("");
				OTHER_REZFLAGS = "";
				OTHER_SWIFT_FLAGS = ("-Osize -swift-version 5.0 ","$(inherited)");
				PRODUCT_NAME = AltKit;
				SECTORDER_FLAGS = "";
				SWIFT_ACTIVE_COMPILATION_CONDITIONS = ("$(inherited)");
				SWIFT_INCLUDE_PATHS = "/Users/chachillie/flycast-2.6/shell/apple/emulator-ios/AltKit/Sources/CAltKit";
				SWIFT_VERSION = 5.0;
				TARGET_TEMP_DIR = "/Users/chachillie/flycast-2.6/build-ios/build/AltKit.build/$(CONFIGURATION)$(EFFECTIVE_PLATFORM_NAME)";
				USE_HEADERMAP = NO;
				WARNING_CFLAGS = ("$(inherited)");
			};
			name = MinSizeRel;
		};
		0B4C4F4464704B2480FF7F8B /* Debug */ = {
			isa = XCBuildConfiguration;
			buildSettings = {
				ALWAYS_SEARCH_USER_PATHS = NO;
				COMBINE_HIDPI_IMAGES = YES;
				GCC_GENERATE_DEBUGGING_SYMBOLS = YES;
				GCC_INLINES_ARE_PRIVATE_EXTERN = NO;
				GCC_OPTIMIZATION_LEVEL = 0;
				GCC_PREPROCESSOR_DEFINITIONS = ("'CMAKE_INTDIR=\"$(CONFIGURATION)$(EFFECTIVE_PLATFORM_NAME)\"'","$(inherited)");
				GCC_SYMBOLS_PRIVATE_EXTERN = NO;
				INSTALL_PATH = "";
				OTHER_LDFLAGS = ("","$(inherited)");
				OTHER_REZFLAGS = "";
				PRODUCT_NAME = ZERO_CHECK;
				SECTORDER_FLAGS = "";
				USE_HEADERMAP = NO;
				WARNING_CFLAGS = ("$(inherited)");
			};
			name = Debug;
		};
		38CA0ABC136B4B83B413596A /* Release */ = {
			isa = XCBuildConfiguration;
			buildSettings = {
				ALWAYS_SEARCH_USER_PATHS = NO;
				ARCHS = arm64;
				COMBINE_HIDPI_IMAGES = YES;
				CONFIGURATION_BUILD_DIR = "/Users/chachillie/flycast-2.6/build-ios/shell/apple/emulator-ios/AltKit/Release${EFFECTIVE_PLATFORM_NAME}";
				EXECUTABLE_PREFIX = lib;
				EXECUTABLE_SUFFIX = .a;
				GCC_GENERATE_DEBUGGING_SYMBOLS = NO;
				GCC_INLINES_ARE_PRIVATE_EXTERN = NO;
				GCC_OPTIMIZATION_LEVEL = 3;
				GCC_PREPROCESSOR_DEFINITIONS = ("'CMAKE_INTDIR=\"$(CONFIGURATION)$(EFFECTIVE_PLATFORM_NAME)\"'","$(inherited)");
				GCC_SYMBOLS_PRIVATE_EXTERN = NO;
				INSTALL_PATH = "";
				LIBRARY_STYLE = STATIC;
				ONLY_ACTIVE_ARCH = NO;
				OTHER_CFLAGS = ("    -DNDEBUG ","$(inherited)");
				OTHER_LIBTOOLFLAGS = ("");
				OTHER_REZFLAGS = "";
				PRODUCT_NAME = CAltKit;
				SECTORDER_FLAGS = "";
				TARGET_TEMP_DIR = "/Users/chachillie/flycast-2.6/build-ios/build/CAltKit.build/$(CONFIGURATION)$(EFFECTIVE_PLATFORM_NAME)";
				USE_HEADERMAP = NO;
				WARNING_CFLAGS = ("$(inherited)");
			};
			name = Release;
		};
		392489CD7F404295AA4AFB63 /* RelWithDebInfo */ = {
			isa = XCBuildConfiguration;
			buildSettings = {
				ALWAYS_SEARCH_USER_PATHS = NO;
				COMBINE_HIDPI_IMAGES = YES;
				GCC_GENERATE_DEBUGGING_SYMBOLS = YES;
				GCC_INLINES_ARE_PRIVATE_EXTERN = NO;
				GCC_OPTIMIZATION_LEVEL = 0;
				GCC_PREPROCESSOR_DEFINITIONS = ("'CMAKE_INTDIR=\"$(CONFIGURATION)$(EFFECTIVE_PLATFORM_NAME)\"'","$(inherited)");
				GCC_SYMBOLS_PRIVATE_EXTERN = NO;
				INSTALL_PATH = "";
				OTHER_LDFLAGS = ("","$(inherited)");
				OTHER_REZFLAGS = "";
				PRODUCT_NAME = package;
				SECTORDER_FLAGS = "";
				USE_HEADERMAP = NO;
				WARNING_CFLAGS = ("$(inherited)");
			};
			name = RelWithDebInfo;
		};
		52AD09F354EF49B6A337C63D /* RelWithDebInfo */ = {
			isa = XCBuildConfiguration;
			buildSettings = {
				ALWAYS_SEARCH_USER_PATHS = NO;
				ARCHS = arm64;
				COMBINE_HIDPI_IMAGES = YES;
				CONFIGURATION_BUILD_DIR = "/Users/chachillie/flycast-2.6/build-ios/shell/apple/emulator-ios/AltKit/RelWithDebInfo${EFFECTIVE_PLATFORM_NAME}";
				EXECUTABLE_PREFIX = lib;
				EXECUTABLE_SUFFIX = .a;
				GCC_GENERATE_DEBUGGING_SYMBOLS = YES;
				GCC_INLINES_ARE_PRIVATE_EXTERN = NO;
				GCC_OPTIMIZATION_LEVEL = 1;
				GCC_PREPROCESSOR_DEFINITIONS = ("'CMAKE_INTDIR=\"$(CONFIGURATION)$(EFFECTIVE_PLATFORM_NAME)\"'","$(inherited)");
				GCC_SYMBOLS_PRIVATE_EXTERN = NO;
				INSTALL_PATH = "";
				LIBRARY_STYLE = STATIC;
				ONLY_ACTIVE_ARCH = NO;
				OTHER_LIBTOOLFLAGS = ("");
				OTHER_REZFLAGS = "";
				OTHER_SWIFT_FLAGS = ("      -swift-version 5.0 ","$(inherited)");
				PRODUCT_NAME = AltKit;
				SECTORDER_FLAGS = "";
				SWIFT_ACTIVE_COMPILATION_CONDITIONS = ("$(inherited)");
				SWIFT_INCLUDE_PATHS = "/Users/chachillie/flycast-2.6/shell/apple/emulator-ios/AltKit/Sources/CAltKit";
				SWIFT_VERSION = 5.0;
				TARGET_TEMP_DIR = "/Users/chachillie/flycast-2.6/build-ios/build/AltKit.build/$(CONFIGURATION)$(EFFECTIVE_PLATFORM_NAME)";
				USE_HEADERMAP = NO;
				WARNING_CFLAGS = ("$(inherited)");
			};
			name = RelWithDebInfo;
		};
		582ECD9EF2EA433B82EC7B30 /* Debug */ = {
			isa = XCBuildConfiguration;
			buildSettings = {
				ALWAYS_SEARCH_USER_PATHS = NO;
				COMBINE_HIDPI_IMAGES = YES;
				GCC_GENERATE_DEBUGGING_SYMBOLS = YES;
				GCC_INLINES_ARE_PRIVATE_EXTERN = NO;
				GCC_OPTIMIZATION_LEVEL = 0;
				GCC_PREPROCESSOR_DEFINITIONS = ("'CMAKE_INTDIR=\"$(CONFIGURATION)$(EFFECTIVE_PLATFORM_NAME)\"'","$(inherited)");
				GCC_SYMBOLS_PRIVATE_EXTERN = NO;
				INSTALL_PATH = "";
				OTHER_LDFLAGS = ("","$(inherited)");
				OTHER_REZFLAGS = "";
				PRODUCT_NAME = package;
				SECTORDER_FLAGS = "";
				USE_HEADERMAP = NO;
				WARNING_CFLAGS = ("$(inherited)");
			};
			name = Debug;
		};
		61CB3033D71142FD908D6027 /* RelWithDebInfo */ = {
			isa = XCBuildConfiguration;
			buildSettings = {
				ARCHS = arm64;
				IPHONEOS_DEPLOYMENT_TARGET = 12.0;
				SDKROOT = iphoneos;
				SWIFT_COMPILATION_MODE = wholemodule;
				SWIFT_VERSION = 5.0;
				SYMROOT = "/Users/chachillie/flycast-2.6/build-ios/build";
			};
			name = RelWithDebInfo;
		};
		629D81815B5043BBB848CF6A /* RelWithDebInfo */ = {
			isa = XCBuildConfiguration;
			buildSettings = {
				ALWAYS_SEARCH_USER_PATHS = NO;
				ARCHS = arm64;
				COMBINE_HIDPI_IMAGES = YES;
				CONFIGURATION_BUILD_DIR = "/Users/chachillie/flycast-2.6/build-ios/shell/apple/emulator-ios/AltKit/RelWithDebInfo${EFFECTIVE_PLATFORM_NAME}";
				EXECUTABLE_PREFIX = lib;
				EXECUTABLE_SUFFIX = .a;
				GCC_GENERATE_DEBUGGING_SYMBOLS = YES;
				GCC_INLINES_ARE_PRIVATE_EXTERN = NO;
				GCC_OPTIMIZATION_LEVEL = 2;
				GCC_PREPROCESSOR_DEFINITIONS = ("'CMAKE_INTDIR=\"$(CONFIGURATION)$(EFFECTIVE_PLATFORM_NAME)\"'","$(inherited)");
				GCC_SYMBOLS_PRIVATE_EXTERN = NO;
				INSTALL_PATH = "";
				LIBRARY_STYLE = STATIC;
				ONLY_ACTIVE_ARCH = NO;
				OTHER_CFLAGS = ("       -DNDEBUG ","$(inherited)");
				OTHER_LIBTOOLFLAGS = ("");
				OTHER_REZFLAGS = "";
				PRODUCT_NAME = CAltKit;
				SECTORDER_FLAGS = "";
				TARGET_TEMP_DIR = "/Users/chachillie/flycast-2.6/build-ios/build/CAltKit.build/$(CONFIGURATION)$(EFFECTIVE_PLATFORM_NAME)";
				USE_HEADERMAP = NO;
				WARNING_CFLAGS = ("$(inherited)");
			};
			name = RelWithDebInfo;
		};
		633045201D8745C5B71EDCCA /* Debug */ = {
			isa = XCBuildConfiguration;
			buildSettings = {
				ARCHS = arm64;
				IPHONEOS_DEPLOYMENT_TARGET = 12.0;
				SDKROOT = iphoneos;
				SWIFT_VERSION = 5.0;
				SYMROOT = "/Users/chachillie/flycast-2.6/build-ios/build";
			};
			name = Debug;
		};
		71006E24034949FAA47E371B /* Release */ = {
			isa = XCBuildConfiguration;
			buildSettings = {
				ALWAYS_SEARCH_USER_PATHS = NO;
				ARCHS = arm64;
				COMBINE_HIDPI_IMAGES = YES;
				CONFIGURATION_BUILD_DIR = "/Users/chachillie/flycast-2.6/build-ios/shell/apple/emulator-ios/AltKit/Release${EFFECTIVE_PLATFORM_NAME}";
				EXECUTABLE_PREFIX = lib;
				EXECUTABLE_SUFFIX = .a;
				GCC_GENERATE_DEBUGGING_SYMBOLS = NO;
				GCC_INLINES_ARE_PRIVATE_EXTERN = NO;
				GCC_OPTIMIZATION_LEVEL = 1;
				GCC_PREPROCESSOR_DEFINITIONS = ("'CMAKE_INTDIR=\"$(CONFIGURATION)$(EFFECTIVE_PLATFORM_NAME)\"'","$(inherited)");
				GCC_SYMBOLS_PRIVATE_EXTERN = NO;
				INSTALL_PATH = "";
				LIBRARY_STYLE = STATIC;
				ONLY_ACTIVE_ARCH = NO;
				OTHER_LIBTOOLFLAGS = ("");
				OTHER_REZFLAGS = "";
				OTHER_SWIFT_FLAGS = ("   -swift-version 5.0 ","$(inherited)");
				PRODUCT_NAME = AltKit;
				SECTORDER_FLAGS = "";
				SWIFT_ACTIVE_COMPILATION_CONDITIONS = ("$(inherited)");
				SWIFT_INCLUDE_PATHS = "/Users/chachillie/flycast-2.6/shell/apple/emulator-ios/AltKit/Sources/CAltKit";
				SWIFT_VERSION = 5.0;
				TARGET_TEMP_DIR = "/Users/chachillie/flycast-2.6/build-ios/build/AltKit.build/$(CONFIGURATION)$(EFFECTIVE_PLATFORM_NAME)";
				USE_HEADERMAP = NO;
				WARNING_CFLAGS = ("$(inherited)");
			};
			name = Release;
		};
		7B051DC0FC1E4DA3910D9A54 /* MinSizeRel */ = {
			isa = XCBuildConfiguration;
			buildSettings = {
				ARCHS = arm64;
				IPHONEOS_DEPLOYMENT_TARGET = 12.0;
				SDKROOT = iphoneos;
				SWIFT_COMPILATION_MODE = wholemodule;
				SWIFT_VERSION = 5.0;
				SYMROOT = "/Users/chachillie/flycast-2.6/build-ios/build";
			};
			name = MinSizeRel;
		};
		7CD9C68A63A548C88D158ABA /* MinSizeRel */ = {
			isa = XCBuildConfiguration;
			buildSettings = {
				ALWAYS_SEARCH_USER_PATHS = NO;
				COMBINE_HIDPI_IMAGES = YES;
				GCC_GENERATE_DEBUGGING_SYMBOLS = YES;
				GCC_INLINES_ARE_PRIVATE_EXTERN = NO;
				GCC_OPTIMIZATION_LEVEL = 0;
				GCC_PREPROCESSOR_DEFINITIONS = ("'CMAKE_INTDIR=\"$(CONFIGURATION)$(EFFECTIVE_PLATFORM_NAME)\"'","$(inherited)");
				GCC_SYMBOLS_PRIVATE_EXTERN = NO;
				INSTALL_PATH = "";
				OTHER_LDFLAGS = ("","$(inherited)");
				OTHER_REZFLAGS = "";
				PRODUCT_NAME = package;
				SECTORDER_FLAGS = "";
				USE_HEADERMAP = NO;
				WARNING_CFLAGS = ("$(inherited)");
			};
			name = MinSizeRel;
		};
		86C45B4D39E64238BA94AD2E /* Release */ = {
			isa = XCBuildConfiguration;
			buildSettings = {
				ARCHS = arm64;
				IPHONEOS_DEPLOYMENT_TARGET = 12.0;
				SDKROOT = iphoneos;
				SWIFT_COMPILATION_MODE = wholemodule;
				SWIFT_VERSION = 5.0;
				SYMROOT = "/Users/chachillie/flycast-2.6/build-ios/build";
			};
			name = Release;
		};
		92C8DA850D4B4AED9E80044F /* MinSizeRel */ = {
			isa = XCBuildConfiguration;
			buildSettings = {
				ALWAYS_SEARCH_USER_PATHS = NO;
				COMBINE_HIDPI_IMAGES = YES;
				GCC_GENERATE_DEBUGGING_SYMBOLS = YES;
				GCC_INLINES_ARE_PRIVATE_EXTERN = NO;
				GCC_OPTIMIZATION_LEVEL = 0;
				GCC_PREPROCESSOR_DEFINITIONS = ("'CMAKE_INTDIR=\"$(CONFIGURATION)$(EFFECTIVE_PLATFORM_NAME)\"'","$(inherited)");
				GCC_SYMBOLS_PRIVATE_EXTERN = NO;
				INSTALL_PATH = "";
				OTHER_LDFLAGS = ("","$(inherited)");
				OTHER_REZFLAGS = "";
				PRODUCT_NAME = ZERO_CHECK;
				SECTORDER_FLAGS = "";
				USE_HEADERMAP = NO;
				WARNING_CFLAGS = ("$(inherited)");
			};
			name = MinSizeRel;
		};
		9CE3131594864796A45496F9 /* MinSizeRel */ = {
			isa = XCBuildConfiguration;
			buildSettings = {
				ALWAYS_SEARCH_USER_PATHS = NO;
				ARCHS = arm64;
				COMBINE_HIDPI_IMAGES = YES;
				CONFIGURATION_BUILD_DIR = "/Users/chachillie/flycast-2.6/build-ios/shell/apple/emulator-ios/AltKit/MinSizeRel${EFFECTIVE_PLATFORM_NAME}";
				EXECUTABLE_PREFIX = lib;
				EXECUTABLE_SUFFIX = .a;
				GCC_GENERATE_DEBUGGING_SYMBOLS = NO;
				GCC_INLINES_ARE_PRIVATE_EXTERN = NO;
				GCC_OPTIMIZATION_LEVEL = s;
				GCC_PREPROCESSOR_DEFINITIONS = ("'CMAKE_INTDIR=\"$(CONFIGURATION)$(EFFECTIVE_PLATFORM_NAME)\"'","$(inherited)");
				GCC_SYMBOLS_PRIVATE_EXTERN = NO;
				INSTALL_PATH = "";
				LIBRARY_STYLE = STATIC;
				ONLY_ACTIVE_ARCH = NO;
				OTHER_CFLAGS = ("    -DNDEBUG ","$(inherited)");
				OTHER_LIBTOOLFLAGS = ("");
				OTHER_REZFLAGS = "";
				PRODUCT_NAME = CAltKit;
				SECTORDER_FLAGS = "";
				TARGET_TEMP_DIR = "/Users/chachillie/flycast-2.6/build-ios/build/CAltKit.build/$(CONFIGURATION)$(EFFECTIVE_PLATFORM_NAME)";
				USE_HEADERMAP = NO;
				WARNING_CFLAGS = ("$(inherited)");
			};
			name = MinSizeRel;
		};
		9D8F7E1B9D6F461186C26D51 /* Debug */ = {
			isa = XCBuildConfiguration;
			buildSettings = {
				ALWAYS_SEARCH_USER_PATHS = NO;
				ARCHS = arm64;
				COMBINE_HIDPI_IMAGES = YES;
				CONFIGURATION_BUILD_DIR = "/Users/chachillie/flycast-2.6/build-ios/shell/apple/emulator-ios/AltKit/Debug${EFFECTIVE_PLATFORM_NAME}";
				EXECUTABLE_PREFIX = lib;
				EXECUTABLE_SUFFIX = .a;
				GCC_GENERATE_DEBUGGING_SYMBOLS = YES;
				GCC_INLINES_ARE_PRIVATE_EXTERN = NO;
				GCC_OPTIMIZATION_LEVEL = 0;
				GCC_PREPROCESSOR_DEFINITIONS = ("'CMAKE_INTDIR=\"$(CONFIGURATION)$(EFFECTIVE_PLATFORM_NAME)\"'","$(inherited)");
				GCC_SYMBOLS_PRIVATE_EXTERN = NO;
				INSTALL_PATH = "";
				LIBRARY_STYLE = STATIC;
				ONLY_ACTIVE_ARCH = NO;
				OTHER_CFLAGS = ("   ","$(inherited)");
				OTHER_LIBTOOLFLAGS = ("");
				OTHER_REZFLAGS = "";
				PRODUCT_NAME = CAltKit;
				SECTORDER_FLAGS = "";
				TARGET_TEMP_DIR = "/Users/chachillie/flycast-2.6/build-ios/build/CAltKit.build/$(CONFIGURATION)$(EFFECTIVE_PLATFORM_NAME)";
				USE_HEADERMAP = NO;
				WARNING_CFLAGS = ("$(inherited)");
			};
			name = Debug;
		};
		BDD750891C924B8A90D7FC15 /* RelWithDebInfo */ = {
			isa = XCBuildConfiguration;
			buildSettings = {
				ALWAYS_SEARCH_USER_PATHS = NO;
				COMBINE_HIDPI_IMAGES = YES;
				GCC_GENERATE_DEBUGGING_SYMBOLS = YES;
				GCC_INLINES_ARE_PRIVATE_EXTERN = NO;
				GCC_OPTIMIZATION_LEVEL = 0;
				GCC_PREPROCESSOR_DEFINITIONS = ("'CMAKE_INTDIR=\"$(CONFIGURATION)$(EFFECTIVE_PLATFORM_NAME)\"'","$(inherited)");
				GCC_SYMBOLS_PRIVATE_EXTERN = NO;
				INSTALL_PATH = "";
				OTHER_LDFLAGS = ("","$(inherited)");
				OTHER_REZFLAGS = "";
				PRODUCT_NAME = ALL_BUILD;
				SECTORDER_FLAGS = "";
				USE_HEADERMAP = NO;
				WARNING_CFLAGS = ("$(inherited)");
			};
			name = RelWithDebInfo;
		};
		C6C063D67FAF4FB4A2C81A7D /* Release */ = {
			isa = XCBuildConfiguration;
			buildSettings = {
				ALWAYS_SEARCH_USER_PATHS = NO;
				COMBINE_HIDPI_IMAGES = YES;
				GCC_GENERATE_DEBUGGING_SYMBOLS = YES;
				GCC_INLINES_ARE_PRIVATE_EXTERN = NO;
				GCC_OPTIMIZATION_LEVEL = 0;
				GCC_PREPROCESSOR_DEFINITIONS = ("'CMAKE_INTDIR=\"$(CONFIGURATION)$(EFFECTIVE_PLATFORM_NAME)\"'","$(inherited)");
				GCC_SYMBOLS_PRIVATE_EXTERN = NO;
				INSTALL_PATH = "";
				OTHER_LDFLAGS = ("","$(inherited)");
				OTHER_REZFLAGS = "";
				PRODUCT_NAME = install;
				SECTORDER_FLAGS = "";
				USE_HEADERMAP = NO;
				WARNING_CFLAGS = ("$(inherited)");
			};
			name = Release;
		};
		C9F62ABE7EBC40258D84532B /* MinSizeRel */ = {
			isa = XCBuildConfiguration;
			buildSettings = {
				ALWAYS_SEARCH_USER_PATHS = NO;
				COMBINE_HIDPI_IMAGES = YES;
				GCC_GENERATE_DEBUGGING_SYMBOLS = YES;
				GCC_INLINES_ARE_PRIVATE_EXTERN = NO;
				GCC_OPTIMIZATION_LEVEL = 0;
				GCC_PREPROCESSOR_DEFINITIONS = ("'CMAKE_INTDIR=\"$(CONFIGURATION)$(EFFECTIVE_PLATFORM_NAME)\"'","$(inherited)");
				GCC_SYMBOLS_PRIVATE_EXTERN = NO;
				INSTALL_PATH = "";
				OTHER_LDFLAGS = ("","$(inherited)");
				OTHER_REZFLAGS = "";
				PRODUCT_NAME = install;
				SECTORDER_FLAGS = "";
				USE_HEADERMAP = NO;
				WARNING_CFLAGS = ("$(inherited)");
			};
			name = MinSizeRel;
		};
		D23DB5384E814CF8931E0A83 /* Release */ = {
			isa = XCBuildConfiguration;
			buildSettings = {
				ALWAYS_SEARCH_USER_PATHS = NO;
				COMBINE_HIDPI_IMAGES = YES;
				GCC_GENERATE_DEBUGGING_SYMBOLS = YES;
				GCC_INLINES_ARE_PRIVATE_EXTERN = NO;
				GCC_OPTIMIZATION_LEVEL = 0;
				GCC_PREPROCESSOR_DEFINITIONS = ("'CMAKE_INTDIR=\"$(CONFIGURATION)$(EFFECTIVE_PLATFORM_NAME)\"'","$(inherited)");
				GCC_SYMBOLS_PRIVATE_EXTERN = NO;
				INSTALL_PATH = "";
				OTHER_LDFLAGS = ("","$(inherited)");
				OTHER_REZFLAGS = "";
				PRODUCT_NAME = ZERO_CHECK;
				SECTORDER_FLAGS = "";
				USE_HEADERMAP = NO;
				WARNING_CFLAGS = ("$(inherited)");
			};
			name = Release;
		};
		D2BA2CDF4DA04910964A0F7C /* Debug */ = {
			isa = XCBuildConfiguration;
			buildSettings = {
				ALWAYS_SEARCH_USER_PATHS = NO;
				COMBINE_HIDPI_IMAGES = YES;
				GCC_GENERATE_DEBUGGING_SYMBOLS = YES;
				GCC_INLINES_ARE_PRIVATE_EXTERN = NO;
				GCC_OPTIMIZATION_LEVEL = 0;
				GCC_PREPROCESSOR_DEFINITIONS = ("'CMAKE_INTDIR=\"$(CONFIGURATION)$(EFFECTIVE_PLATFORM_NAME)\"'","$(inherited)");
				GCC_SYMBOLS_PRIVATE_EXTERN = NO;
				INSTALL_PATH = "";
				OTHER_LDFLAGS = ("","$(inherited)");
				OTHER_REZFLAGS = "";
				PRODUCT_NAME = install;
				SECTORDER_FLAGS = "";
				USE_HEADERMAP = NO;
				WARNING_CFLAGS = ("$(inherited)");
			};
			name = Debug;
		};
		DB56DA51A8B8463DABAE3AA5 /* RelWithDebInfo */ = {
			isa = XCBuildConfiguration;
			buildSettings = {
				ALWAYS_SEARCH_USER_PATHS = NO;
				COMBINE_HIDPI_IMAGES = YES;
				GCC_GENERATE_DEBUGGING_SYMBOLS = YES;
				GCC_INLINES_ARE_PRIVATE_EXTERN = NO;
				GCC_OPTIMIZATION_LEVEL = 0;
				GCC_PREPROCESSOR_DEFINITIONS = ("'CMAKE_INTDIR=\"$(CONFIGURATION)$(EFFECTIVE_PLATFORM_NAME)\"'","$(inherited)");
				GCC_SYMBOLS_PRIVATE_EXTERN = NO;
				INSTALL_PATH = "";
				OTHER_LDFLAGS = ("","$(inherited)");
				OTHER_REZFLAGS = "";
				PRODUCT_NAME = install;
				SECTORDER_FLAGS = "";
				USE_HEADERMAP = NO;
				WARNING_CFLAGS = ("$(inherited)");
			};
			name = RelWithDebInfo;
		};
		E700ADD6B7E74D8BA529E0C3 /* MinSizeRel */ = {
			isa = XCBuildConfiguration;
			buildSettings = {
				ALWAYS_SEARCH_USER_PATHS = NO;
				COMBINE_HIDPI_IMAGES = YES;
				GCC_GENERATE_DEBUGGING_SYMBOLS = YES;
				GCC_INLINES_ARE_PRIVATE_EXTERN = NO;
				GCC_OPTIMIZATION_LEVEL = 0;
				GCC_PREPROCESSOR_DEFINITIONS = ("'CMAKE_INTDIR=\"$(CONFIGURATION)$(EFFECTIVE_PLATFORM_NAME)\"'","$(inherited)");
				GCC_SYMBOLS_PRIVATE_EXTERN = NO;
				INSTALL_PATH = "";
				OTHER_LDFLAGS = ("","$(inherited)");
				OTHER_REZFLAGS = "";
				PRODUCT_NAME = ALL_BUILD;
				SECTORDER_FLAGS = "";
				USE_HEADERMAP = NO;
				WARNING_CFLAGS = ("$(inherited)");
			};
			name = MinSizeRel;
		};
		EA72323807E041E9A9CF3153 /* RelWithDebInfo */ = {
			isa = XCBuildConfiguration;
			buildSettings = {
				ALWAYS_SEARCH_USER_PATHS = NO;
				COMBINE_HIDPI_IMAGES = YES;
				GCC_GENERATE_DEBUGGING_SYMBOLS = YES;
				GCC_INLINES_ARE_PRIVATE_EXTERN = NO;
				GCC_OPTIMIZATION_LEVEL = 0;
				GCC_PREPROCESSOR_DEFINITIONS = ("'CMAKE_INTDIR=\"$(CONFIGURATION)$(EFFECTIVE_PLATFORM_NAME)\"'","$(inherited)");
				GCC_SYMBOLS_PRIVATE_EXTERN = NO;
				INSTALL_PATH = "";
				OTHER_LDFLAGS = ("","$(inherited)");
				OTHER_REZFLAGS = "";
				PRODUCT_NAME = ZERO_CHECK;
				SECTORDER_FLAGS = "";
				USE_HEADERMAP = NO;
				WARNING_CFLAGS = ("$(inherited)");
			};
			name = RelWithDebInfo;
		};
		EB6B108F201645F3959C884F /* Debug */ = {
			isa = XCBuildConfiguration;
			buildSettings = {
				ALWAYS_SEARCH_USER_PATHS = NO;
				COMBINE_HIDPI_IMAGES = YES;
				GCC_GENERATE_DEBUGGING_SYMBOLS = YES;
				GCC_INLINES_ARE_PRIVATE_EXTERN = NO;
				GCC_OPTIMIZATION_LEVEL = 0;
				GCC_PREPROCESSOR_DEFINITIONS = ("'CMAKE_INTDIR=\"$(CONFIGURATION)$(EFFECTIVE_PLATFORM_NAME)\"'","$(inherited)");
				GCC_SYMBOLS_PRIVATE_EXTERN = NO;
				INSTALL_PATH = "";
				OTHER_LDFLAGS = ("","$(inherited)");
				OTHER_REZFLAGS = "";
				PRODUCT_NAME = ALL_BUILD;
				SECTORDER_FLAGS = "";
				USE_HEADERMAP = NO;
				WARNING_CFLAGS = ("$(inherited)");
			};
			name = Debug;
		};
		EEF2374B1DEC4EE989D57C50 /* Release */ = {
			isa = XCBuildConfiguration;
			buildSettings = {
				ALWAYS_SEARCH_USER_PATHS = NO;
				COMBINE_HIDPI_IMAGES = YES;
				GCC_GENERATE_DEBUGGING_SYMBOLS = YES;
				GCC_INLINES_ARE_PRIVATE_EXTERN = NO;
				GCC_OPTIMIZATION_LEVEL = 0;
				GCC_PREPROCESSOR_DEFINITIONS = ("'CMAKE_INTDIR=\"$(CONFIGURATION)$(EFFECTIVE_PLATFORM_NAME)\"'","$(inherited)");
				GCC_SYMBOLS_PRIVATE_EXTERN = NO;
				INSTALL_PATH = "";
				OTHER_LDFLAGS = ("","$(inherited)");
				OTHER_REZFLAGS = "";
				PRODUCT_NAME = package;
				SECTORDER_FLAGS = "";
				USE_HEADERMAP = NO;
				WARNING_CFLAGS = ("$(inherited)");
			};
			name = Release;
		};
		F5496DDF89DC467EB9A590D7 /* Debug */ = {
			isa = XCBuildConfiguration;
			buildSettings = {
				ALWAYS_SEARCH_USER_PATHS = NO;
				ARCHS = arm64;
				COMBINE_HIDPI_IMAGES = YES;
				CONFIGURATION_BUILD_DIR = "/Users/chachillie/flycast-2.6/build-ios/shell/apple/emulator-ios/AltKit/Debug${EFFECTIVE_PLATFORM_NAME}";
				EXECUTABLE_PREFIX = lib;
				EXECUTABLE_SUFFIX = .a;
				GCC_GENERATE_DEBUGGING_SYMBOLS = YES;
				GCC_INLINES_ARE_PRIVATE_EXTERN = NO;
				GCC_OPTIMIZATION_LEVEL = 0;
				GCC_PREPROCESSOR_DEFINITIONS = ("'CMAKE_INTDIR=\"$(CONFIGURATION)$(EFFECTIVE_PLATFORM_NAME)\"'","$(inherited)");
				GCC_SYMBOLS_PRIVATE_EXTERN = NO;
				INSTALL_PATH = "";
				LIBRARY_STYLE = STATIC;
				ONLY_ACTIVE_ARCH = NO;
				OTHER_LIBTOOLFLAGS = ("");
				OTHER_REZFLAGS = "";
				OTHER_SWIFT_FLAGS = ("-Onone    -swift-version 5.0 ","$(inherited)");
				PRODUCT_NAME = AltKit;
				SECTORDER_FLAGS = "";
				SWIFT_ACTIVE_COMPILATION_CONDITIONS = ("$(inherited)");
				SWIFT_INCLUDE_PATHS = "/Users/chachillie/flycast-2.6/shell/apple/emulator-ios/AltKit/Sources/CAltKit";
				SWIFT_VERSION = 5.0;
				TARGET_TEMP_DIR = "/Users/chachillie/flycast-2.6/build-ios/build/AltKit.build/$(CONFIGURATION)$(EFFECTIVE_PLATFORM_NAME)";
				USE_HEADERMAP = NO;
				WARNING_CFLAGS = ("$(inherited)");
			};
			name = Debug;
		};
		F95938DC467541D28977ADFB /* Release */ = {
			isa = XCBuildConfiguration;
			buildSettings = {
				ALWAYS_SEARCH_USER_PATHS = NO;
				COMBINE_HIDPI_IMAGES = YES;
				GCC_GENERATE_DEBUGGING_SYMBOLS = YES;
				GCC_INLINES_ARE_PRIVATE_EXTERN = NO;
				GCC_OPTIMIZATION_LEVEL = 0;
				GCC_PREPROCESSOR_DEFINITIONS = ("'CMAKE_INTDIR=\"$(CONFIGURATION)$(EFFECTIVE_PLATFORM_NAME)\"'","$(inherited)");
				GCC_SYMBOLS_PRIVATE_EXTERN = NO;
				INSTALL_PATH = "";
				OTHER_LDFLAGS = ("","$(inherited)");
				OTHER_REZFLAGS = "";
				PRODUCT_NAME = ALL_BUILD;
				SECTORDER_FLAGS = "";
				USE_HEADERMAP = NO;
				WARNING_CFLAGS = ("$(inherited)");
			};
			name = Release;
		};
/* End XCBuildConfiguration section */

/* Begin XCConfigurationList section */
		3CDEC0E44F314C1B83169160 /* Build configuration list for PBXAggregateTarget "package" */ = {
			isa = XCConfigurationList;
			buildConfigurations = (
				582ECD9EF2EA433B82EC7B30 /* Debug */,
				EEF2374B1DEC4EE989D57C50 /* Release */,
				7CD9C68A63A548C88D158ABA /* MinSizeRel */,
				392489CD7F404295AA4AFB63 /* RelWithDebInfo */,
			);
			defaultConfigurationIsVisible = 0;
			defaultConfigurationName = Debug;
		};
		54E8D2A695EF43A198ECE4E7 /* Build configuration list for PBXProject "AltKit" */ = {
			isa = XCConfigurationList;
			buildConfigurations = (
				633045201D8745C5B71EDCCA /* Debug */,
				86C45B4D39E64238BA94AD2E /* Release */,
				7B051DC0FC1E4DA3910D9A54 /* MinSizeRel */,
				61CB3033D71142FD908D6027 /* RelWithDebInfo */,
			);
			defaultConfigurationIsVisible = 0;
			defaultConfigurationName = Debug;
		};
		934FCA38E3E5475CA74CC4EF /* Build configuration list for PBXNativeTarget "AltKit" */ = {
			isa = XCConfigurationList;
			buildConfigurations = (
				F5496DDF89DC467EB9A590D7 /* Debug */,
				71006E24034949FAA47E371B /* Release */,
				073E40CE7E204A93B916C9B2 /* MinSizeRel */,
				52AD09F354EF49B6A337C63D /* RelWithDebInfo */,
			);
			defaultConfigurationIsVisible = 0;
			defaultConfigurationName = Debug;
		};
		AC95554C0E754A629E75D410 /* Build configuration list for PBXAggregateTarget "ALL_BUILD" */ = {
			isa = XCConfigurationList;
			buildConfigurations = (
				EB6B108F201645F3959C884F /* Debug */,
				F95938DC467541D28977ADFB /* Release */,
				E700ADD6B7E74D8BA529E0C3 /* MinSizeRel */,
				BDD750891C924B8A90D7FC15 /* RelWithDebInfo */,
			);
			defaultConfigurationIsVisible = 0;
			defaultConfigurationName = Debug;
		};
		F605D61A8C784871BA1BAB3C /* Build configuration list for PBXNativeTarget "CAltKit" */ = {
			isa = XCConfigurationList;
			buildConfigurations = (
				9D8F7E1B9D6F461186C26D51 /* Debug */,
				38CA0ABC136B4B83B413596A /* Release */,
				9CE3131594864796A45496F9 /* MinSizeRel */,
				629D81815B5043BBB848CF6A /* RelWithDebInfo */,
			);
			defaultConfigurationIsVisible = 0;
			defaultConfigurationName = Debug;
		};
		FAD3C7ECA269471F90C44B56 /* Build configuration list for PBXAggregateTarget "ZERO_CHECK" */ = {
			isa = XCConfigurationList;
			buildConfigurations = (
				0B4C4F4464704B2480FF7F8B /* Debug */,
				D23DB5384E814CF8931E0A83 /* Release */,
				92C8DA850D4B4AED9E80044F /* MinSizeRel */,
				EA72323807E041E9A9CF3153 /* RelWithDebInfo */,
			);
			defaultConfigurationIsVisible = 0;
			defaultConfigurationName = Debug;
		};
		FEEBE17E67EB422AB90BF5CB /* Build configuration list for PBXAggregateTarget "install" */ = {
			isa = XCConfigurationList;
			buildConfigurations = (
				D2BA2CDF4DA04910964A0F7C /* Debug */,
				C6C063D67FAF4FB4A2C81A7D /* Release */,
				C9F62ABE7EBC40258D84532B /* MinSizeRel */,
				DB56DA51A8B8463DABAE3AA5 /* RelWithDebInfo */,
			);
			defaultConfigurationIsVisible = 0;
			defaultConfigurationName = Debug;
		};
/* End XCConfigurationList section */
	};
	rootObject = 4E3AA1D86F404C04AD1ED864 /* Project object */;
}
